dependencies:
- name: nats
  repository: https://nats-io.github.io/k8s/helm/charts/
  version: 2.12.4
- name: opentelemetry-operator
  repository: https://open-telemetry.github.io/opentelemetry-helm-charts
  version: 0.105.1
- name: kube-prometheus-stack
  repository: https://prometheus-community.github.io/helm-charts
  version: 81.6.2
- name: metrics-server
  repository: https://kubernetes-sigs.github.io/metrics-server
  version: 3.13.0
- name: valkey
  repository: oci://ghcr.io/valkey-io/valkey-helm
  version: 0.9.3
- name: mdai-operator
  repository: oci://ghcr.io/mydecisive
  version: 0.2.10
- name: mdai-gateway
  repository: oci://ghcr.io/mydecisive
  version: 0.1.5
- name: mdai-event-hub
  repository: oci://ghcr.io/mydecisive
  version: 0.1.8
- name: mdai-s3-logs-reader
  repository: oci://ghcr.io/mydecisive
  version: 0.0.8
digest: sha256:b0af639ed01cc889d483d93dcd84e869ac2e4ef07d192adc95d38a6304e8a982
generated: "2026-02-11T18:36:22.167312-07:00"
