dependencies:
- name: nats
  repository: https://nats-io.github.io/k8s/helm/charts/
  version: 2.12.4
- name: opentelemetry-operator
  repository: https://open-telemetry.github.io/opentelemetry-helm-charts
  version: 0.105.1
- name: kube-prometheus-stack
  repository: https://prometheus-community.github.io/helm-charts
  version: 81.6.2
- name: metrics-server
  repository: https://kubernetes-sigs.github.io/metrics-server
  version: 3.13.0
- name: valkey
  repository: oci://registry-1.docker.io/bitnamicharts
  version: 5.1.7
- name: mdai-operator
  repository: oci://ghcr.io/mydecisive
  version: 0.2.10
- name: mdai-gateway
  repository: oci://ghcr.io/mydecisive
  version: 0.1.5
- name: mdai-event-hub
  repository: oci://ghcr.io/mydecisive
  version: 0.1.8
- name: mdai-s3-logs-reader
  repository: oci://ghcr.io/mydecisive
  version: 0.0.8
digest: sha256:3316b14900d3844bcc68859de4b5edc46ae3acdd7630254b4bbcf54fbd9fa2b0
generated: "2026-02-11T14:20:47.956733-07:00"
